
Microsoft Visual Studio Solution File, Format Version 12.00
# Visual Studio 15
VisualStudioVersion = 15.0.28307.902
MinimumVisualStudioVersion = 10.0.40219.1
Project("{FAE04EC0-301F-11D3-BF4B-00C04F79EFBC}") = "AsmxWsInterceptor", "AsmxWsInterceptor\AsmxWsInterceptor.csproj", "{313F0295-E6FB-419C-ABE1-9A1072517D77}"
EndProject
Project("{FAE04EC0-301F-11D3-BF4B-00C04F79EFBC}") = "WindowsFormsApp", "WindowsFormsApp\WindowsFormsApp.csproj", "{98B99F47-7837-47E9-B694-40517F5DBF5E}"
EndProject
Project("{FAE04EC0-301F-11D3-BF4B-00C04F79EFBC}") = "WebApplication", "WebApplication\WebApplication.csproj", "{D26942D9-71AC-49A4-8ADD-5A9990660D8A}"
EndProject
Global
	GlobalSection(SolutionConfigurationPlatforms) = preSolution
		Debug|Any CPU = Debug|Any CPU
		Release|Any CPU = Release|Any CPU
	EndGlobalSection
	GlobalSection(ProjectConfigurationPlatforms) = postSolution
		{313F0295-E6FB-419C-ABE1-9A1072517D77}.Debug|Any CPU.ActiveCfg = Debug|Any CPU
		{313F0295-E6FB-419C-ABE1-9A1072517D77}.Debug|Any CPU.Build.0 = Debug|Any CPU
		{313F0295-E6FB-419C-ABE1-9A1072517D77}.Release|Any CPU.ActiveCfg = Release|Any CPU
		{313F0295-E6FB-419C-ABE1-9A1072517D77}.Release|Any CPU.Build.0 = Release|Any CPU
		{98B99F47-7837-47E9-B694-40517F5DBF5E}.Debug|Any CPU.ActiveCfg = Debug|Any CPU
		{98B99F47-7837-47E9-B694-40517F5DBF5E}.Debug|Any CPU.Build.0 = Debug|Any CPU
		{98B99F47-7837-47E9-B694-40517F5DBF5E}.Release|Any CPU.ActiveCfg = Release|Any CPU
		{98B99F47-7837-47E9-B694-40517F5DBF5E}.Release|Any CPU.Build.0 = Release|Any CPU
		{D26942D9-71AC-49A4-8ADD-5A9990660D8A}.Debug|Any CPU.ActiveCfg = Debug|Any CPU
		{D26942D9-71AC-49A4-8ADD-5A9990660D8A}.Debug|Any CPU.Build.0 = Debug|Any CPU
		{D26942D9-71AC-49A4-8ADD-5A9990660D8A}.Release|Any CPU.ActiveCfg = Release|Any CPU
		{D26942D9-71AC-49A4-8ADD-5A9990660D8A}.Release|Any CPU.Build.0 = Release|Any CPU
	EndGlobalSection
	GlobalSection(SolutionProperties) = preSolution
		HideSolutionNode = FALSE
	EndGlobalSection
	GlobalSection(ExtensibilityGlobals) = postSolution
		SolutionGuid = {DEC373E7-408D-431D-8FBC-AC6D65817482}
	EndGlobalSection
EndGlobal
